// !$*UTF8*$!
{
	archiveVersion = 1;
	classes = {
	};
	objectVersion = 55;
	objects = {

/* Begin PBXBuildFile section */
		5EEEF09528EC306B00C480CE /* AppDelegate.swift in Sources */ = {isa = PBXBuildFile; fileRef = 5EEEF09428EC306B00C480CE /* AppDelegate.swift */; };
		5EEEF09E28EC306C00C480CE /* Assets.xcassets in Resources */ = {isa = PBXBuildFile; fileRef = 5EEEF09D28EC306C00C480CE /* Assets.xcassets */; };
		5EEEF0A128EC306C00C480CE /* LaunchScreen.storyboard in Resources */ = {isa = PBXBuildFile; fileRef = 5EEEF09F28EC306C00C480CE /* LaunchScreen.storyboard */; };
		5EEEF0AC28EC314D00C480CE /* RootViewController.swift in Sources */ = {isa = PBXBuildFile; fileRef = 5EEEF0AB28EC314D00C480CE /* RootViewController.swift */; };
		5EEEF0B328EC36E500C480CE /* dosis.book.ttf in Resources */ = {isa = PBXBuildFile; fileRef = 5EEEF0B028EC36E500C480CE /* dosis.book.ttf */; };
		5EEEF0B428EC36E500C480CE /* dosis.extralight.ttf in Resources */ = {isa = PBXBuildFile; fileRef = 5EEEF0B128EC36E500C480CE /* dosis.extralight.ttf */; };
		5EEEF0B528EC36E500C480CE /* dosis.light.ttf in Resources */ = {isa = PBXBuildFile; fileRef = 5EEEF0B228EC36E500C480CE /* dosis.light.ttf */; };
		5EEEF0BE28EC47F400C480CE /* UIColor+Extension.swift in Sources */ = {isa = PBXBuildFile; fileRef = 5EEEF0BD28EC47F400C480CE /* UIColor+Extension.swift */; };
		5EEEF0C228EC4A4A00C480CE /* images.xcassets in Resources */ = {isa = PBXBuildFile; fileRef = 5EEEF0C128EC4A4A00C480CE /* images.xcassets */; };
/* End PBXBuildFile section */

/* Begin PBXFileReference section */
		5EEEF09128EC306B00C480CE /* MarsByCuriosity.app */ = {isa = PBXFileReference; explicitFileType = wrapper.application; includeInIndex = 0; path = MarsByCuriosity.app; sourceTree = BUILT_PRODUCTS_DIR; };
		5EEEF09428EC306B00C480CE /* AppDelegate.swift */ = {isa = PBXFileReference; lastKnownFileType = sourcecode.swift; path = AppDelegate.swift; sourceTree = "<group>"; };
		5EEEF09D28EC306C00C480CE /* Assets.xcassets */ = {isa = PBXFileReference; lastKnownFileType = folder.assetcatalog; path = Assets.xcassets; sourceTree = "<group>"; };
		5EEEF0A028EC306C00C480CE /* Base */ = {isa = PBXFileReference; lastKnownFileType = file.storyboard; name = Base; path = Base.lproj/LaunchScreen.storyboard; sourceTree = "<group>"; };
		5EEEF0A228EC306C00C480CE /* Info.plist */ = {isa = PBXFileReference; lastKnownFileType = text.plist.xml; path = Info.plist; sourceTree = "<group>"; };
		5EEEF0AB28EC314D00C480CE /* RootViewController.swift */ = {isa = PBXFileReference; lastKnownFileType = sourcecode.swift; path = RootViewController.swift; sourceTree = "<group>"; };
		5EEEF0B028EC36E500C480CE /* dosis.book.ttf */ = {isa = PBXFileReference; lastKnownFileType = file; path = dosis.book.ttf; sourceTree = "<group>"; };
		5EEEF0B128EC36E500C480CE /* dosis.extralight.ttf */ = {isa = PBXFileReference; lastKnownFileType = file; path = dosis.extralight.ttf; sourceTree = "<group>"; };
		5EEEF0B228EC36E500C480CE /* dosis.light.ttf */ = {isa = PBXFileReference; lastKnownFileType = file; path = dosis.light.ttf; sourceTree = "<group>"; };
		5EEEF0BD28EC47F400C480CE /* UIColor+Extension.swift */ = {isa = PBXFileReference; lastKnownFileType = sourcecode.swift; path = "UIColor+Extension.swift"; sourceTree = "<group>"; };
		5EEEF0C128EC4A4A00C480CE /* images.xcassets */ = {isa = PBXFileReference; lastKnownFileType = folder.assetcatalog; path = images.xcassets; sourceTree = "<group>"; };
/* End PBXFileReference section */

/* Begin PBXFrameworksBuildPhase section */
		5EEEF08E28EC306B00C480CE /* Frameworks */ = {
			isa = PBXFrameworksBuildPhase;
			buildActionMask = 2147483647;
			files = (
			);
			runOnlyForDeploymentPostprocessing = 0;
		};
/* End PBXFrameworksBuildPhase section */

/* Begin PBXGroup section */
		5EEEF08828EC306B00C480CE = {
			isa = PBXGroup;
			children = (
				5EEEF09328EC306B00C480CE /* MarsByCuriosity */,
				5EEEF09228EC306B00C480CE /* Products */,
			);
			sourceTree = "<group>";
		};
		5EEEF09228EC306B00C480CE /* Products */ = {
			isa = PBXGroup;
			children = (
				5EEEF09128EC306B00C480CE /* MarsByCuriosity.app */,
			);
			name = Products;
			sourceTree = "<group>";
		};
		5EEEF09328EC306B00C480CE /* MarsByCuriosity */ = {
			isa = PBXGroup;
			children = (
				5EEEF0B628EC46CA00C480CE /* Extensions */,
				5EEEF0B928EC474600C480CE /* Helpers */,
				5EEEF0A928EC313400C480CE /* UI */,
				5EEEF0A828EC30E600C480CE /* SupportingFiles */,
			);
			path = MarsByCuriosity;
			sourceTree = "<group>";
		};
		5EEEF0A828EC30E600C480CE /* SupportingFiles */ = {
			isa = PBXGroup;
			children = (
				5EEEF09428EC306B00C480CE /* AppDelegate.swift */,
				5EEEF09D28EC306C00C480CE /* Assets.xcassets */,
				5EEEF0AF28EC36B800C480CE /* Font */,
				5EEEF0A228EC306C00C480CE /* Info.plist */,
				5EEEF09F28EC306C00C480CE /* LaunchScreen.storyboard */,
				5EEEF0C128EC4A4A00C480CE /* images.xcassets */,
			);
			path = SupportingFiles;
			sourceTree = "<group>";
		};
		5EEEF0A928EC313400C480CE /* UI */ = {
			isa = PBXGroup;
			children = (
				5EEEF0AA28EC313A00C480CE /* RootViewController */,
			);
			path = UI;
			sourceTree = "<group>";
		};
		5EEEF0AA28EC313A00C480CE /* RootViewController */ = {
			isa = PBXGroup;
			children = (
				5EEEF0AB28EC314D00C480CE /* RootViewController.swift */,
			);
			path = RootViewController;
			sourceTree = "<group>";
		};
		5EEEF0AF28EC36B800C480CE /* Font */ = {
			isa = PBXGroup;
			children = (
				5EEEF0B028EC36E500C480CE /* dosis.book.ttf */,
				5EEEF0B128EC36E500C480CE /* dosis.extralight.ttf */,
				5EEEF0B228EC36E500C480CE /* dosis.light.ttf */,
			);
			path = Font;
			sourceTree = "<group>";
		};
		5EEEF0B628EC46CA00C480CE /* Extensions */ = {
			isa = PBXGroup;
			children = (
				5EEEF0BD28EC47F400C480CE /* UIColor+Extension.swift */,
			);
			path = Extensions;
			sourceTree = "<group>";
		};
		5EEEF0B928EC474600C480CE /* Helpers */ = {
			isa = PBXGroup;
			children = (
			);
			path = Helpers;
			sourceTree = "<group>";
		};
/* End PBXGroup section */

/* Begin PBXNativeTarget section */
		5EEEF09028EC306B00C480CE /* MarsByCuriosity */ = {
			isa = PBXNativeTarget;
			buildConfigurationList = 5EEEF0A528EC306C00C480CE /* Build configuration list for PBXNativeTarget "MarsByCuriosity" */;
			buildPhases = (
				5EEEF08D28EC306B00C480CE /* Sources */,
				5EEEF08E28EC306B00C480CE /* Frameworks */,
				5EEEF08F28EC306B00C480CE /* Resources */,
			);
			buildRules = (
			);
			dependencies = (
			);
			name = MarsByCuriosity;
			productName = MarsByCuriosity;
			productReference = 5EEEF09128EC306B00C480CE /* MarsByCuriosity.app */;
			productType = "com.apple.product-type.application";
		};
/* End PBXNativeTarget section */

/* Begin PBXProject section */
		5EEEF08928EC306B00C480CE /* Project object */ = {
			isa = PBXProject;
			attributes = {
				BuildIndependentTargetsInParallel = 1;
				LastSwiftUpdateCheck = 1340;
				LastUpgradeCheck = 1340;
				TargetAttributes = {
					5EEEF09028EC306B00C480CE = {
						CreatedOnToolsVersion = 13.4.1;
					};
				};
			};
			buildConfigurationList = 5EEEF08C28EC306B00C480CE /* Build configuration list for PBXProject "MarsByCuriosity" */;
			compatibilityVersion = "Xcode 13.0";
			developmentRegion = en;
			hasScannedForEncodings = 0;
			knownRegions = (
				en,
				Base,
			);
			mainGroup = 5EEEF08828EC306B00C480CE;
			productRefGroup = 5EEEF09228EC306B00C480CE /* Products */;
			projectDirPath = "";
			projectRoot = "";
			targets = (
				5EEEF09028EC306B00C480CE /* MarsByCuriosity */,
			);
		};
/* End PBXProject section */

/* Begin PBXResourcesBuildPhase section */
		5EEEF08F28EC306B00C480CE /* Resources */ = {
			isa = PBXResourcesBuildPhase;
			buildActionMask = 2147483647;
			files = (
				5EEEF0B428EC36E500C480CE /* dosis.extralight.ttf in Resources */,
				5EEEF0B328EC36E500C480CE /* dosis.book.ttf in Resources */,
				5EEEF0B528EC36E500C480CE /* dosis.light.ttf in Resources */,
				5EEEF0C228EC4A4A00C480CE /* images.xcassets in Resources */,
				5EEEF0A128EC306C00C480CE /* LaunchScreen.storyboard in Resources */,
				5EEEF09E28EC306C00C480CE /* Assets.xcassets in Resources */,
			);
			runOnlyForDeploymentPostprocessing = 0;
		};
/* End PBXResourcesBuildPhase section */

/* Begin PBXSourcesBuildPhase section */
		5EEEF08D28EC306B00C480CE /* Sources */ = {
			isa = PBXSourcesBuildPhase;
			buildActionMask = 2147483647;
			files = (
				5EEEF0AC28EC314D00C480CE /* RootViewController.swift in Sources */,
				5EEEF09528EC306B00C480CE /* AppDelegate.swift in Sources */,
				5EEEF0BE28EC47F400C480CE /* UIColor+Extension.swift in Sources */,
			);
			runOnlyForDeploymentPostprocessing = 0;
		};
/* End PBXSourcesBuildPhase section */

/* Begin PBXVariantGroup section */
		5EEEF09F28EC306C00C480CE /* LaunchScreen.storyboard */ = {
			isa = PBXVariantGroup;
			children = (
				5EEEF0A028EC306C00C480CE /* Base */,
			);
			name = LaunchScreen.storyboard;
			sourceTree = "<group>";
		};
/* End PBXVariantGroup section */

/* Begin XCBuildConfiguration section */
		5EEEF0A328EC306C00C480CE /* Debug */ = {
			isa = XCBuildConfiguration;
			buildSettings = {
				ALWAYS_SEARCH_USER_PATHS = NO;
				CLANG_ANALYZER_NONNULL = YES;
				CLANG_ANALYZER_NUMBER_OBJECT_CONVERSION = YES_AGGRESSIVE;
				CLANG_CXX_LANGUAGE_STANDARD = "gnu++17";
				CLANG_ENABLE_MODULES = YES;
				CLANG_ENABLE_OBJC_ARC = YES;
				CLANG_ENABLE_OBJC_WEAK = YES;
				CLANG_WARN_BLOCK_CAPTURE_AUTORELEASING = YES;
				CLANG_WARN_BOOL_CONVERSION = YES;
				CLANG_WARN_COMMA = YES;
				CLANG_WARN_CONSTANT_CONVERSION = YES;
				CLANG_WARN_DEPRECATED_OBJC_IMPLEMENTATIONS = YES;
				CLANG_WARN_DIRECT_OBJC_ISA_USAGE = YES_ERROR;
				CLANG_WARN_DOCUMENTATION_COMMENTS = YES;
				CLANG_WARN_EMPTY_BODY = YES;
				CLANG_WARN_ENUM_CONVERSION = YES;
				CLANG_WARN_INFINITE_RECURSION = YES;
				CLANG_WARN_INT_CONVERSION = YES;
				CLANG_WARN_NON_LITERAL_NULL_CONVERSION = YES;
				CLANG_WARN_OBJC_IMPLICIT_RETAIN_SELF = YES;
				CLANG_WARN_OBJC_LITERAL_CONVERSION = YES;
				CLANG_WARN_OBJC_ROOT_CLASS = YES_ERROR;
				CLANG_WARN_QUOTED_INCLUDE_IN_FRAMEWORK_HEADER = YES;
				CLANG_WARN_RANGE_LOOP_ANALYSIS = YES;
				CLANG_WARN_STRICT_PROTOTYPES = YES;
				CLANG_WARN_SUSPICIOUS_MOVE = YES;
				CLANG_WARN_UNGUARDED_AVAILABILITY = YES_AGGRESSIVE;
				CLANG_WARN_UNREACHABLE_CODE = YES;
				CLANG_WARN__DUPLICATE_METHOD_MATCH = YES;
				COPY_PHASE_STRIP = NO;
				DEBUG_INFORMATION_FORMAT = dwarf;
				ENABLE_STRICT_OBJC_MSGSEND = YES;
				ENABLE_TESTABILITY = YES;
				GCC_C_LANGUAGE_STANDARD = gnu11;
				GCC_DYNAMIC_NO_PIC = NO;
				GCC_NO_COMMON_BLOCKS = YES;
				GCC_OPTIMIZATION_LEVEL = 0;
				GCC_PREPROCESSOR_DEFINITIONS = (
					"DEBUG=1",
					"$(inherited)",
				);
				GCC_WARN_64_TO_32_BIT_CONVERSION = YES;
				GCC_WARN_ABOUT_RETURN_TYPE = YES_ERROR;
				GCC_WARN_UNDECLARED_SELECTOR = YES;
				GCC_WARN_UNINITIALIZED_AUTOS = YES_AGGRESSIVE;
				GCC_WARN_UNUSED_FUNCTION = YES;
				GCC_WARN_UNUSED_VARIABLE = YES;
				IPHONEOS_DEPLOYMENT_TARGET = 15.5;
				MTL_ENABLE_DEBUG_INFO = INCLUDE_SOURCE;
				MTL_FAST_MATH = YES;
				ONLY_ACTIVE_ARCH = YES;
				SDKROOT = iphoneos;
				SWIFT_ACTIVE_COMPILATION_CONDITIONS = DEBUG;
				SWIFT_OPTIMIZATION_LEVEL = "-Onone";
			};
			name = Debug;
		};
		5EEEF0A428EC306C00C480CE /* Release */ = {
			isa = XCBuildConfiguration;
			buildSettings = {
				ALWAYS_SEARCH_USER_PATHS = NO;
				CLANG_ANALYZER_NONNULL = YES;
				CLANG_ANALYZER_NUMBER_OBJECT_CONVERSION = YES_AGGRESSIVE;
				CLANG_CXX_LANGUAGE_STANDARD = "gnu++17";
				CLANG_ENABLE_MODULES = YES;
				CLANG_ENABLE_OBJC_ARC = YES;
				CLANG_ENABLE_OBJC_WEAK = YES;
				CLANG_WARN_BLOCK_CAPTURE_AUTORELEASING = YES;
				CLANG_WARN_BOOL_CONVERSION = YES;
				CLANG_WARN_COMMA = YES;
				CLANG_WARN_CONSTANT_CONVERSION = YES;
				CLANG_WARN_DEPRECATED_OBJC_IMPLEMENTATIONS = YES;
				CLANG_WARN_DIRECT_OBJC_ISA_USAGE = YES_ERROR;
				CLANG_WARN_DOCUMENTATION_COMMENTS = YES;
				CLANG_WARN_EMPTY_BODY = YES;
				CLANG_WARN_ENUM_CONVERSION = YES;
				CLANG_WARN_INFINITE_RECURSION = YES;
				CLANG_WARN_INT_CONVERSION = YES;
				CLANG_WARN_NON_LITERAL_NULL_CONVERSION = YES;
				CLANG_WARN_OBJC_IMPLICIT_RETAIN_SELF = YES;
				CLANG_WARN_OBJC_LITERAL_CONVERSION = YES;
				CLANG_WARN_OBJC_ROOT_CLASS = YES_ERROR;
				CLANG_WARN_QUOTED_INCLUDE_IN_FRAMEWORK_HEADER = YES;
				CLANG_WARN_RANGE_LOOP_ANALYSIS = YES;
				CLANG_WARN_STRICT_PROTOTYPES = YES;
				CLANG_WARN_SUSPICIOUS_MOVE = YES;
				CLANG_WARN_UNGUARDED_AVAILABILITY = YES_AGGRESSIVE;
				CLANG_WARN_UNREACHABLE_CODE = YES;
				CLANG_WARN__DUPLICATE_METHOD_MATCH = YES;
				COPY_PHASE_STRIP = NO;
				DEBUG_INFORMATION_FORMAT = "dwarf-with-dsym";
				ENABLE_NS_ASSERTIONS = NO;
				ENABLE_STRICT_OBJC_MSGSEND = YES;
				GCC_C_LANGUAGE_STANDARD = gnu11;
				GCC_NO_COMMON_BLOCKS = YES;
				GCC_WARN_64_TO_32_BIT_CONVERSION = YES;
				GCC_WARN_ABOUT_RETURN_TYPE = YES_ERROR;
				GCC_WARN_UNDECLARED_SELECTOR = YES;
				GCC_WARN_UNINITIALIZED_AUTOS = YES_AGGRESSIVE;
				GCC_WARN_UNUSED_FUNCTION = YES;
				GCC_WARN_UNUSED_VARIABLE = YES;
				IPHONEOS_DEPLOYMENT_TARGET = 15.5;
				MTL_ENABLE_DEBUG_INFO = NO;
				MTL_FAST_MATH = YES;
				SDKROOT = iphoneos;
				SWIFT_COMPILATION_MODE = wholemodule;
				SWIFT_OPTIMIZATION_LEVEL = "-O";
				VALIDATE_PRODUCT = YES;
			};
			name = Release;
		};
		5EEEF0A628EC306C00C480CE /* Debug */ = {
			isa = XCBuildConfiguration;
			buildSettings = {
				ASSETCATALOG_COMPILER_APPICON_NAME = AppIcon;
				ASSETCATALOG_COMPILER_GLOBAL_ACCENT_COLOR_NAME = AccentColor;
				CODE_SIGN_STYLE = Automatic;
				CURRENT_PROJECT_VERSION = 1;
				DEVELOPMENT_TEAM = CH2D9NC8UB;
				GENERATE_INFOPLIST_FILE = YES;
				INFOPLIST_FILE = MarsByCuriosity/SupportingFiles/Info.plist;
				INFOPLIST_KEY_UIApplicationSupportsIndirectInputEvents = YES;
				INFOPLIST_KEY_UILaunchStoryboardName = LaunchScreen;
				INFOPLIST_KEY_UISupportedInterfaceOrientations_iPad = "UIInterfaceOrientationPortrait UIInterfaceOrientationPortraitUpsideDown UIInterfaceOrientationLandscapeLeft UIInterfaceOrientationLandscapeRight";
				INFOPLIST_KEY_UISupportedInterfaceOrientations_iPhone = "UIInterfaceOrientationPortrait UIInterfaceOrientationLandscapeLeft UIInterfaceOrientationLandscapeRight";
				IPHONEOS_DEPLOYMENT_TARGET = 14.0;
				LD_RUNPATH_SEARCH_PATHS = (
					"$(inherited)",
					"@executable_path/Frameworks",
				);
				MARKETING_VERSION = 1.0;
				PRODUCT_BUNDLE_IDENTIFIER = com.varvara19.MarsByCuriosity;
				PRODUCT_NAME = "$(TARGET_NAME)";
				SWIFT_EMIT_LOC_STRINGS = YES;
				SWIFT_VERSION = 5.0;
				TARGETED_DEVICE_FAMILY = 1;
			};
			name = Debug;
		};
		5EEEF0A728EC306C00C480CE /* Release */ = {
			isa = XCBuildConfiguration;
			buildSettings = {
				ASSETCATALOG_COMPILER_APPICON_NAME = AppIcon;
				ASSETCATALOG_COMPILER_GLOBAL_ACCENT_COLOR_NAME = AccentColor;
				CODE_SIGN_STYLE = Automatic;
				CURRENT_PROJECT_VERSION = 1;
				DEVELOPMENT_TEAM = CH2D9NC8UB;
				GENERATE_INFOPLIST_FILE = YES;
				INFOPLIST_FILE = MarsByCuriosity/SupportingFiles/Info.plist;
				INFOPLIST_KEY_UIApplicationSupportsIndirectInputEvents = YES;
				INFOPLIST_KEY_UILaunchStoryboardName = LaunchScreen;
				INFOPLIST_KEY_UISupportedInterfaceOrientations_iPad = "UIInterfaceOrientationPortrait UIInterfaceOrientationPortraitUpsideDown UIInterfaceOrientationLandscapeLeft UIInterfaceOrientationLandscapeRight";
				INFOPLIST_KEY_UISupportedInterfaceOrientations_iPhone = "UIInterfaceOrientationPortrait UIInterfaceOrientationLandscapeLeft UIInterfaceOrientationLandscapeRight";
				IPHONEOS_DEPLOYMENT_TARGET = 14.0;
				LD_RUNPATH_SEARCH_PATHS = (
					"$(inherited)",
					"@executable_path/Frameworks",
				);
				MARKETING_VERSION = 1.0;
				PRODUCT_BUNDLE_IDENTIFIER = com.varvara19.MarsByCuriosity;
				PRODUCT_NAME = "$(TARGET_NAME)";
				SWIFT_EMIT_LOC_STRINGS = YES;
				SWIFT_VERSION = 5.0;
				TARGETED_DEVICE_FAMILY = 1;
			};
			name = Release;
		};
/* End XCBuildConfiguration section */

/* Begin XCConfigurationList section */
		5EEEF08C28EC306B00C480CE /* Build configuration list for PBXProject "MarsByCuriosity" */ = {
			isa = XCConfigurationList;
			buildConfigurations = (
				5EEEF0A328EC306C00C480CE /* Debug */,
				5EEEF0A428EC306C00C480CE /* Release */,
			);
			defaultConfigurationIsVisible = 0;
			defaultConfigurationName = Release;
		};
		5EEEF0A528EC306C00C480CE /* Build configuration list for PBXNativeTarget "MarsByCuriosity" */ = {
			isa = XCConfigurationList;
			buildConfigurations = (
				5EEEF0A628EC306C00C480CE /* Debug */,
				5EEEF0A728EC306C00C480CE /* Release */,
			);
			defaultConfigurationIsVisible = 0;
			defaultConfigurationName = Release;
		};
/* End XCConfigurationList section */
	};
	rootObject = 5EEEF08928EC306B00C480CE /* Project object */;
}
